
Microsoft Visual Studio Solution File, Format Version 12.00
# Visual Studio Version 17
VisualStudioVersion = 17.2.32526.322
MinimumVisualStudioVersion = 10.0.40219.1
Project("{FAE04EC0-301F-11D3-BF4B-00C04F79EFBC}") = "IntegrationTestMockServer.WebAPI.IntegrationTests", "IntegrationTestMockServer.WebAPI.IntegrationTests\IntegrationTestMockServer.WebAPI.IntegrationTests.csproj", "{B07BAC40-8AC9-4A5A-9FE4-FCA323C83599}"
EndProject
Project("{FAE04EC0-301F-11D3-BF4B-00C04F79EFBC}") = "IntegrationTestMockServer.WebAPI", "IntegrationTestMockServer.WebAPI\IntegrationTestMockServer.WebAPI.csproj", "{812C8E6C-C150-4875-BCCE-6CD37589B6F3}"
EndProject
Global
	GlobalSection(SolutionConfigurationPlatforms) = preSolution
		Debug|Any CPU = Debug|Any CPU
		Release|Any CPU = Release|Any CPU
	EndGlobalSection
	GlobalSection(ProjectConfigurationPlatforms) = postSolution
		{B07BAC40-8AC9-4A5A-9FE4-FCA323C83599}.Debug|Any CPU.ActiveCfg = Debug|Any CPU
		{B07BAC40-8AC9-4A5A-9FE4-FCA323C83599}.Debug|Any CPU.Build.0 = Debug|Any CPU
		{B07BAC40-8AC9-4A5A-9FE4-FCA323C83599}.Release|Any CPU.ActiveCfg = Release|Any CPU
		{B07BAC40-8AC9-4A5A-9FE4-FCA323C83599}.Release|Any CPU.Build.0 = Release|Any CPU
		{812C8E6C-C150-4875-BCCE-6CD37589B6F3}.Debug|Any CPU.ActiveCfg = Debug|Any CPU
		{812C8E6C-C150-4875-BCCE-6CD37589B6F3}.Debug|Any CPU.Build.0 = Debug|Any CPU
		{812C8E6C-C150-4875-BCCE-6CD37589B6F3}.Release|Any CPU.ActiveCfg = Release|Any CPU
		{812C8E6C-C150-4875-BCCE-6CD37589B6F3}.Release|Any CPU.Build.0 = Release|Any CPU
	EndGlobalSection
	GlobalSection(SolutionProperties) = preSolution
		HideSolutionNode = FALSE
	EndGlobalSection
	GlobalSection(ExtensibilityGlobals) = postSolution
		SolutionGuid = {286E80F2-6D6E-468E-B846-BA3034A8C562}
	EndGlobalSection
EndGlobal
